
Microsoft Visual Studio Solution File, Format Version 12.00
# Visual Studio Version 16
VisualStudioVersion = 16.0.29201.188
MinimumVisualStudioVersion = 10.0.40219.1
Project("{FAE04EC0-301F-11D3-BF4B-00C04F79EFBC}") = "Progress_Bar", "Progress_Bar.csproj", "{B23C39AC-A2EB-469C-B1F3-A0AD0EF67EC3}"
EndProject
Global
	GlobalSection(SolutionConfigurationPlatforms) = preSolution
		Debug|Any CPU = Debug|Any CPU
		Release|Any CPU = Release|Any CPU
	EndGlobalSection
	GlobalSection(ProjectConfigurationPlatforms) = postSolution
		{B23C39AC-A2EB-469C-B1F3-A0AD0EF67EC3}.Debug|Any CPU.ActiveCfg = Debug|Any CPU
		{B23C39AC-A2EB-469C-B1F3-A0AD0EF67EC3}.Debug|Any CPU.Build.0 = Debug|Any CPU
		{B23C39AC-A2EB-469C-B1F3-A0AD0EF67EC3}.Release|Any CPU.ActiveCfg = Release|Any CPU
		{B23C39AC-A2EB-469C-B1F3-A0AD0EF67EC3}.Release|Any CPU.Build.0 = Release|Any CPU
	EndGlobalSection
	GlobalSection(SolutionProperties) = preSolution
		HideSolutionNode = FALSE
	EndGlobalSection
	GlobalSection(ExtensibilityGlobals) = postSolution
		SolutionGuid = {4353E3F1-F451-402C-B68B-AB00C752AF20}
	EndGlobalSection
EndGlobal
